# This file is automatically @generated by Cargo.
# It is not intended for manual editing.
version = 4

[[package]]
name = "app_engine"
version = "0.1.0"

[[package]]
name = "app_engine_exchange_format"
version = "0.1.0"

[[package]]
name = "app_ui"
version = "0.1.0"

[[package]]
name = "app_ui_exchange_format"
version = "0.1.0"

[[package]]
name = "hub"
version = "0.1.0"

[[package]]
name = "launcher"
version = "0.1.0"

[[package]]
name = "storage"
version = "0.1.0"

[[package]]
name = "storage_exchange_format"
version = "0.1.0"

[[package]]
name = "vscode_extension"
version = "0.1.0"

[[package]]
name = "vscode_extension_exchange_format"
version = "0.1.0"
